
Microsoft Visual Studio Solution File, Format Version 12.00
# Visual Studio 2017
Project("{FAE04EC0-301F-11D3-BF4B-00C04F79EFBC}") = "KeyMad", "KeyMad.csproj", "{2ED30163-4A38-740C-1F82-A84332E78F38}"
EndProject
Project("{FAE04EC0-301F-11D3-BF4B-00C04F79EFBC}") = "KeyMad.Plugins", "KeyMad.Plugins.csproj", "{75FA0E4C-5DA4-47A6-79E0-092197229C02}"
EndProject
Project("{FAE04EC0-301F-11D3-BF4B-00C04F79EFBC}") = "KeyMad", "KeyMad.csproj", "{2ED30163-4A38-740C-1F82-A84332E78F38}"
EndProject
Project("{FAE04EC0-301F-11D3-BF4B-00C04F79EFBC}") = "KeyMad", "KeyMad.csproj", "{2ED30163-4A38-740C-1F82-A84332E78F38}"
EndProject
Project("{FAE04EC0-301F-11D3-BF4B-00C04F79EFBC}") = "KeyMad.Editor", "KeyMad.Editor.csproj", "{839538D3-AC16-6099-A2F5-8B2C33327DEA}"
EndProject
Project("{FAE04EC0-301F-11D3-BF4B-00C04F79EFBC}") = "KeyMad.Editor", "KeyMad.Editor.csproj", "{839538D3-AC16-6099-A2F5-8B2C33327DEA}"
EndProject
Project("{FAE04EC0-301F-11D3-BF4B-00C04F79EFBC}") = "KeyMad.Editor", "KeyMad.Editor.csproj", "{839538D3-AC16-6099-A2F5-8B2C33327DEA}"
EndProject
Project("{FAE04EC0-301F-11D3-BF4B-00C04F79EFBC}") = "KeyMad.Editor", "KeyMad.Editor.csproj", "{839538D3-AC16-6099-A2F5-8B2C33327DEA}"
EndProject
Global
	GlobalSection(SolutionConfigurationPlatforms) = preSolution
		Debug|Any CPU = Debug|Any CPU
		Release|Any CPU = Release|Any CPU
	EndGlobalSection
	GlobalSection(ProjectConfigurationPlatforms) = postSolution
		{2ED30163-4A38-740C-1F82-A84332E78F38}.Debug|Any CPU.ActiveCfg = Debug|Any CPU
		{2ED30163-4A38-740C-1F82-A84332E78F38}.Debug|Any CPU.Build.0 = Debug|Any CPU
		{2ED30163-4A38-740C-1F82-A84332E78F38}.Release|Any CPU.ActiveCfg = Release|Any CPU
		{2ED30163-4A38-740C-1F82-A84332E78F38}.Release|Any CPU.Build.0 = Release|Any CPU
		{75FA0E4C-5DA4-47A6-79E0-092197229C02}.Debug|Any CPU.ActiveCfg = Debug|Any CPU
		{75FA0E4C-5DA4-47A6-79E0-092197229C02}.Debug|Any CPU.Build.0 = Debug|Any CPU
		{75FA0E4C-5DA4-47A6-79E0-092197229C02}.Release|Any CPU.ActiveCfg = Release|Any CPU
		{75FA0E4C-5DA4-47A6-79E0-092197229C02}.Release|Any CPU.Build.0 = Release|Any CPU
		{2ED30163-4A38-740C-1F82-A84332E78F38}.Debug|Any CPU.ActiveCfg = Debug|Any CPU
		{2ED30163-4A38-740C-1F82-A84332E78F38}.Debug|Any CPU.Build.0 = Debug|Any CPU
		{2ED30163-4A38-740C-1F82-A84332E78F38}.Release|Any CPU.ActiveCfg = Release|Any CPU
		{2ED30163-4A38-740C-1F82-A84332E78F38}.Release|Any CPU.Build.0 = Release|Any CPU
		{2ED30163-4A38-740C-1F82-A84332E78F38}.Debug|Any CPU.ActiveCfg = Debug|Any CPU
		{2ED30163-4A38-740C-1F82-A84332E78F38}.Debug|Any CPU.Build.0 = Debug|Any CPU
		{2ED30163-4A38-740C-1F82-A84332E78F38}.Release|Any CPU.ActiveCfg = Release|Any CPU
		{2ED30163-4A38-740C-1F82-A84332E78F38}.Release|Any CPU.Build.0 = Release|Any CPU
		{839538D3-AC16-6099-A2F5-8B2C33327DEA}.Debug|Any CPU.ActiveCfg = Debug|Any CPU
		{839538D3-AC16-6099-A2F5-8B2C33327DEA}.Debug|Any CPU.Build.0 = Debug|Any CPU
		{839538D3-AC16-6099-A2F5-8B2C33327DEA}.Release|Any CPU.ActiveCfg = Release|Any CPU
		{839538D3-AC16-6099-A2F5-8B2C33327DEA}.Release|Any CPU.Build.0 = Release|Any CPU
		{839538D3-AC16-6099-A2F5-8B2C33327DEA}.Debug|Any CPU.ActiveCfg = Debug|Any CPU
		{839538D3-AC16-6099-A2F5-8B2C33327DEA}.Debug|Any CPU.Build.0 = Debug|Any CPU
		{839538D3-AC16-6099-A2F5-8B2C33327DEA}.Release|Any CPU.ActiveCfg = Release|Any CPU
		{839538D3-AC16-6099-A2F5-8B2C33327DEA}.Release|Any CPU.Build.0 = Release|Any CPU
		{839538D3-AC16-6099-A2F5-8B2C33327DEA}.Debug|Any CPU.ActiveCfg = Debug|Any CPU
		{839538D3-AC16-6099-A2F5-8B2C33327DEA}.Debug|Any CPU.Build.0 = Debug|Any CPU
		{839538D3-AC16-6099-A2F5-8B2C33327DEA}.Release|Any CPU.ActiveCfg = Release|Any CPU
		{839538D3-AC16-6099-A2F5-8B2C33327DEA}.Release|Any CPU.Build.0 = Release|Any CPU
		{839538D3-AC16-6099-A2F5-8B2C33327DEA}.Debug|Any CPU.ActiveCfg = Debug|Any CPU
		{839538D3-AC16-6099-A2F5-8B2C33327DEA}.Debug|Any CPU.Build.0 = Debug|Any CPU
		{839538D3-AC16-6099-A2F5-8B2C33327DEA}.Release|Any CPU.ActiveCfg = Release|Any CPU
		{839538D3-AC16-6099-A2F5-8B2C33327DEA}.Release|Any CPU.Build.0 = Release|Any CPU
	EndGlobalSection
	GlobalSection(SolutionProperties) = preSolution
		HideSolutionNode = FALSE
	EndGlobalSection
EndGlobal
